
Microsoft Visual Studio Solution File, Format Version 12.00
# Visual Studio Version 17
VisualStudioVersion = 17.4.33122.133
MinimumVisualStudioVersion = 10.0.40219.1
Project("{FAE04EC0-301F-11D3-BF4B-00C04F79EFBC}") = "WAD_CW", "WAD_CW.csproj", "{A8E3819C-02FF-4CA2-9094-20F64117214E}"
EndProject
Global
	GlobalSection(SolutionConfigurationPlatforms) = preSolution
		Debug|Any CPU = Debug|Any CPU
		Release|Any CPU = Release|Any CPU
	EndGlobalSection
	GlobalSection(ProjectConfigurationPlatforms) = postSolution
		{A8E3819C-02FF-4CA2-9094-20F64117214E}.Debug|Any CPU.ActiveCfg = Debug|Any CPU
		{A8E3819C-02FF-4CA2-9094-20F64117214E}.Debug|Any CPU.Build.0 = Debug|Any CPU
		{A8E3819C-02FF-4CA2-9094-20F64117214E}.Release|Any CPU.ActiveCfg = Release|Any CPU
		{A8E3819C-02FF-4CA2-9094-20F64117214E}.Release|Any CPU.Build.0 = Release|Any CPU
	EndGlobalSection
	GlobalSection(SolutionProperties) = preSolution
		HideSolutionNode = FALSE
	EndGlobalSection
	GlobalSection(ExtensibilityGlobals) = postSolution
		SolutionGuid = {9E80604C-0B78-436D-8C41-688CD64D8E94}
	EndGlobalSection
EndGlobal
